
Microsoft Visual Studio Solution File, Format Version 12.00
# Visual Studio Version 17
VisualStudioVersion = 17.14.36127.28
MinimumVisualStudioVersion = 10.0.40219.1
Project("{FAE04EC0-301F-11D3-BF4B-00C04F79EFBC}") = "Ripplee", "Ripplee\Ripplee.csproj", "{115D25CD-08F3-4663-8B0C-3BC9B5272713}"
EndProject
Project("{FAE04EC0-301F-11D3-BF4B-00C04F79EFBC}") = "Ripplee.Server", "Ripplee.Server\Ripplee.Server.csproj", "{12AE1AB6-4B29-4F38-B94B-9D996DF0C633}"
EndProject
Global
	GlobalSection(SolutionConfigurationPlatforms) = preSolution
		Debug|Any CPU = Debug|Any CPU
		Release|Any CPU = Release|Any CPU
	EndGlobalSection
	GlobalSection(ProjectConfigurationPlatforms) = postSolution
		{115D25CD-08F3-4663-8B0C-3BC9B5272713}.Debug|Any CPU.ActiveCfg = Debug|Any CPU
		{115D25CD-08F3-4663-8B0C-3BC9B5272713}.Debug|Any CPU.Build.0 = Debug|Any CPU
		{115D25CD-08F3-4663-8B0C-3BC9B5272713}.Debug|Any CPU.Deploy.0 = Debug|Any CPU
		{115D25CD-08F3-4663-8B0C-3BC9B5272713}.Release|Any CPU.ActiveCfg = Release|Any CPU
		{115D25CD-08F3-4663-8B0C-3BC9B5272713}.Release|Any CPU.Build.0 = Release|Any CPU
		{115D25CD-08F3-4663-8B0C-3BC9B5272713}.Release|Any CPU.Deploy.0 = Release|Any CPU
		{12AE1AB6-4B29-4F38-B94B-9D996DF0C633}.Debug|Any CPU.ActiveCfg = Debug|Any CPU
		{12AE1AB6-4B29-4F38-B94B-9D996DF0C633}.Debug|Any CPU.Build.0 = Debug|Any CPU
		{12AE1AB6-4B29-4F38-B94B-9D996DF0C633}.Release|Any CPU.ActiveCfg = Release|Any CPU
		{12AE1AB6-4B29-4F38-B94B-9D996DF0C633}.Release|Any CPU.Build.0 = Release|Any CPU
	EndGlobalSection
	GlobalSection(SolutionProperties) = preSolution
		HideSolutionNode = FALSE
	EndGlobalSection
	GlobalSection(ExtensibilityGlobals) = postSolution
		SolutionGuid = {20EB985A-A5E5-406A-84B4-7069308F2D2B}
	EndGlobalSection
EndGlobal
